
Microsoft Visual Studio Solution File, Format Version 12.00
# Visual Studio Version 17
VisualStudioVersion = 17.4.33110.190
MinimumVisualStudioVersion = 10.0.40219.1
Project("{9A19103F-16F7-4668-BE54-9A1E7A4F7556}") = "CompensatoryMedicines", "CompensatoryMedicines\CompensatoryMedicines.csproj", "{C91D94B9-A293-4217-AE0B-A22FE657311D}"
	ProjectSection(ProjectDependencies) = postProject
		{4DB22B38-7987-4294-9C41-6341F564EC0B} = {4DB22B38-7987-4294-9C41-6341F564EC0B}
		{B14BE080-9D15-4E9D-A4E7-E64B117106DC} = {B14BE080-9D15-4E9D-A4E7-E64B117106DC}
	EndProjectSection
EndProject
Project("{9A19103F-16F7-4668-BE54-9A1E7A4F7556}") = "Infrastructure", "Infrastructure\Infrastructure.csproj", "{4DB22B38-7987-4294-9C41-6341F564EC0B}"
	ProjectSection(ProjectDependencies) = postProject
		{7861B6D5-DB1E-44A6-9EA7-3B8CE4AF3A5E} = {7861B6D5-DB1E-44A6-9EA7-3B8CE4AF3A5E}
		{B14BE080-9D15-4E9D-A4E7-E64B117106DC} = {B14BE080-9D15-4E9D-A4E7-E64B117106DC}
	EndProjectSection
EndProject
Project("{9A19103F-16F7-4668-BE54-9A1E7A4F7556}") = "Domain", "Domain\Domain.csproj", "{7861B6D5-DB1E-44A6-9EA7-3B8CE4AF3A5E}"
EndProject
Project("{9A19103F-16F7-4668-BE54-9A1E7A4F7556}") = "Application", "Application\Application.csproj", "{B14BE080-9D15-4E9D-A4E7-E64B117106DC}"
	ProjectSection(ProjectDependencies) = postProject
		{7861B6D5-DB1E-44A6-9EA7-3B8CE4AF3A5E} = {7861B6D5-DB1E-44A6-9EA7-3B8CE4AF3A5E}
	EndProjectSection
EndProject
Project("{2150E333-8FDC-42A3-9474-1A3956D46DE8}") = "Solution Items", "Solution Items", "{1FBC682A-6542-40B2-B434-344D3052DD59}"
	ProjectSection(SolutionItems) = preProject
		.editorconfig = .editorconfig
	EndProjectSection
EndProject
Global
	GlobalSection(SolutionConfigurationPlatforms) = preSolution
		Debug|Any CPU = Debug|Any CPU
		Release|Any CPU = Release|Any CPU
	EndGlobalSection
	GlobalSection(ProjectConfigurationPlatforms) = postSolution
		{C91D94B9-A293-4217-AE0B-A22FE657311D}.Debug|Any CPU.ActiveCfg = Debug|Any CPU
		{C91D94B9-A293-4217-AE0B-A22FE657311D}.Debug|Any CPU.Build.0 = Debug|Any CPU
		{C91D94B9-A293-4217-AE0B-A22FE657311D}.Release|Any CPU.ActiveCfg = Release|Any CPU
		{C91D94B9-A293-4217-AE0B-A22FE657311D}.Release|Any CPU.Build.0 = Release|Any CPU
		{4DB22B38-7987-4294-9C41-6341F564EC0B}.Debug|Any CPU.ActiveCfg = Debug|Any CPU
		{4DB22B38-7987-4294-9C41-6341F564EC0B}.Debug|Any CPU.Build.0 = Debug|Any CPU
		{4DB22B38-7987-4294-9C41-6341F564EC0B}.Release|Any CPU.ActiveCfg = Release|Any CPU
		{4DB22B38-7987-4294-9C41-6341F564EC0B}.Release|Any CPU.Build.0 = Release|Any CPU
		{7861B6D5-DB1E-44A6-9EA7-3B8CE4AF3A5E}.Debug|Any CPU.ActiveCfg = Debug|Any CPU
		{7861B6D5-DB1E-44A6-9EA7-3B8CE4AF3A5E}.Debug|Any CPU.Build.0 = Debug|Any CPU
		{7861B6D5-DB1E-44A6-9EA7-3B8CE4AF3A5E}.Release|Any CPU.ActiveCfg = Release|Any CPU
		{7861B6D5-DB1E-44A6-9EA7-3B8CE4AF3A5E}.Release|Any CPU.Build.0 = Release|Any CPU
		{B14BE080-9D15-4E9D-A4E7-E64B117106DC}.Debug|Any CPU.ActiveCfg = Debug|Any CPU
		{B14BE080-9D15-4E9D-A4E7-E64B117106DC}.Debug|Any CPU.Build.0 = Debug|Any CPU
		{B14BE080-9D15-4E9D-A4E7-E64B117106DC}.Release|Any CPU.ActiveCfg = Release|Any CPU
		{B14BE080-9D15-4E9D-A4E7-E64B117106DC}.Release|Any CPU.Build.0 = Release|Any CPU
	EndGlobalSection
	GlobalSection(SolutionProperties) = preSolution
		HideSolutionNode = FALSE
	EndGlobalSection
	GlobalSection(ExtensibilityGlobals) = postSolution
		SolutionGuid = {AB9ABEFD-AF44-4398-BE08-6838E86F84CB}
	EndGlobalSection
EndGlobal
